
Microsoft Visual Studio Solution File, Format Version 12.00
# Visual Studio 15
VisualStudioVersion = 15.0.27428.2043
MinimumVisualStudioVersion = 10.0.40219.1
Project("{FAE04EC0-301F-11D3-BF4B-00C04F79EFBC}") = "WebAppPractica", "WebAppPractica\WebAppPractica.csproj", "{10AA4BEF-72FD-447C-8A52-4842A3AB9FAE}"
EndProject
Global
	GlobalSection(SolutionConfigurationPlatforms) = preSolution
		Debug|Any CPU = Debug|Any CPU
		Release|Any CPU = Release|Any CPU
	EndGlobalSection
	GlobalSection(ProjectConfigurationPlatforms) = postSolution
		{10AA4BEF-72FD-447C-8A52-4842A3AB9FAE}.Debug|Any CPU.ActiveCfg = Debug|Any CPU
		{10AA4BEF-72FD-447C-8A52-4842A3AB9FAE}.Debug|Any CPU.Build.0 = Debug|Any CPU
		{10AA4BEF-72FD-447C-8A52-4842A3AB9FAE}.Release|Any CPU.ActiveCfg = Release|Any CPU
		{10AA4BEF-72FD-447C-8A52-4842A3AB9FAE}.Release|Any CPU.Build.0 = Release|Any CPU
	EndGlobalSection
	GlobalSection(SolutionProperties) = preSolution
		HideSolutionNode = FALSE
	EndGlobalSection
	GlobalSection(ExtensibilityGlobals) = postSolution
		SolutionGuid = {DB2C2CDD-29B7-4303-808A-06135A700C87}
	EndGlobalSection
EndGlobal
